// !$*UTF8*$!
{
	archiveVersion = 1;
	classes = {
	};
	objectVersion = 46;
	objects = {

/* Begin PBXBuildFile section */
		646DD0721B58D50F003A254D /* main.m in Sources */ = {isa = PBXBuildFile; fileRef = 646DD0711B58D50F003A254D /* main.m */; };
		646DD0751B58D50F003A254D /* AppDelegate.m in Sources */ = {isa = PBXBuildFile; fileRef = 646DD0741B58D50F003A254D /* AppDelegate.m */; };
		646DD0781B58D50F003A254D /* ViewController.m in Sources */ = {isa = PBXBuildFile; fileRef = 646DD0771B58D50F003A254D /* ViewController.m */; };
		646DD07B1B58D50F003A254D /* Main.storyboard in Resources */ = {isa = PBXBuildFile; fileRef = 646DD0791B58D50F003A254D /* Main.storyboard */; };
		646DD07D1B58D50F003A254D /* Images.xcassets in Resources */ = {isa = PBXBuildFile; fileRef = 646DD07C1B58D50F003A254D /* Images.xcassets */; };
		646DD0801B58D50F003A254D /* LaunchScreen.xib in Resources */ = {isa = PBXBuildFile; fileRef = 646DD07E1B58D50F003A254D /* LaunchScreen.xib */; };
		646DD08C1B58D50F003A254D /* FMDBDemo2Tests.m in Sources */ = {isa = PBXBuildFile; fileRef = 646DD08B1B58D50F003A254D /* FMDBDemo2Tests.m */; };
		646DD0A11B58D52A003A254D /* FMDatabase.m in Sources */ = {isa = PBXBuildFile; fileRef = 646DD0981B58D52A003A254D /* FMDatabase.m */; settings = {COMPILER_FLAGS = "-fno-objc-arc"; }; };
		646DD0A21B58D52A003A254D /* FMDatabaseAdditions.m in Sources */ = {isa = PBXBuildFile; fileRef = 646DD09A1B58D52A003A254D /* FMDatabaseAdditions.m */; settings = {COMPILER_FLAGS = "-fno-objc-arc"; }; };
		646DD0A31B58D52A003A254D /* FMDatabasePool.m in Sources */ = {isa = PBXBuildFile; fileRef = 646DD09C1B58D52A003A254D /* FMDatabasePool.m */; settings = {COMPILER_FLAGS = "-fno-objc-arc"; }; };
		646DD0A41B58D52A003A254D /* FMDatabaseQueue.m in Sources */ = {isa = PBXBuildFile; fileRef = 646DD09E1B58D52A003A254D /* FMDatabaseQueue.m */; settings = {COMPILER_FLAGS = "-fno-objc-arc"; }; };
		646DD0A51B58D52A003A254D /* FMResultSet.m in Sources */ = {isa = PBXBuildFile; fileRef = 646DD0A01B58D52A003A254D /* FMResultSet.m */; settings = {COMPILER_FLAGS = "-fno-objc-arc"; }; };
		646DD0A71B58D57D003A254D /* libsqlite3.dylib in Frameworks */ = {isa = PBXBuildFile; fileRef = 646DD0A61B58D57D003A254D /* libsqlite3.dylib */; };
		646DD0AC1B58D605003A254D /* MyImageView.m in Sources */ = {isa = PBXBuildFile; fileRef = 646DD0AB1B58D605003A254D /* MyImageView.m */; };
		646DD0AF1B58D9D6003A254D /* StudentModel.m in Sources */ = {isa = PBXBuildFile; fileRef = 646DD0AE1B58D9D6003A254D /* StudentModel.m */; };
		646DD0B31B58DA95003A254D /* DBManager.m in Sources */ = {isa = PBXBuildFile; fileRef = 646DD0B21B58DA95003A254D /* DBManager.m */; };
/* End PBXBuildFile section */

/* Begin PBXContainerItemProxy section */
		646DD0861B58D50F003A254D /* PBXContainerItemProxy */ = {
			isa = PBXContainerItemProxy;
			containerPortal = 646DD0641B58D50F003A254D /* Project object */;
			proxyType = 1;
			remoteGlobalIDString = 646DD06B1B58D50F003A254D;
			remoteInfo = FMDBDemo2;
		};
/* End PBXContainerItemProxy section */

/* Begin PBXFileReference section */
		646DD06C1B58D50F003A254D /* FMDBDemo2.app */ = {isa = PBXFileReference; explicitFileType = wrapper.application; includeInIndex = 0; path = FMDBDemo2.app; sourceTree = BUILT_PRODUCTS_DIR; };
		646DD0701B58D50F003A254D /* Info.plist */ = {isa = PBXFileReference; lastKnownFileType = text.plist.xml; path = Info.plist; sourceTree = "<group>"; };
		646DD0711B58D50F003A254D /* main.m */ = {isa = PBXFileReference; lastKnownFileType = sourcecode.c.objc; path = main.m; sourceTree = "<group>"; };
		646DD0731B58D50F003A254D /* AppDelegate.h */ = {isa = PBXFileReference; lastKnownFileType = sourcecode.c.h; path = AppDelegate.h; sourceTree = "<group>"; };
		646DD0741B58D50F003A254D /* AppDelegate.m */ = {isa = PBXFileReference; lastKnownFileType = sourcecode.c.objc; path = AppDelegate.m; sourceTree = "<group>"; };
		646DD0761B58D50F003A254D /* ViewController.h */ = {isa = PBXFileReference; lastKnownFileType = sourcecode.c.h; path = ViewController.h; sourceTree = "<group>"; };
		646DD0771B58D50F003A254D /* ViewController.m */ = {isa = PBXFileReference; lastKnownFileType = sourcecode.c.objc; path = ViewController.m; sourceTree = "<group>"; };
		646DD07A1B58D50F003A254D /* Base */ = {isa = PBXFileReference; lastKnownFileType = file.storyboard; name = Base; path = Base.lproj/Main.storyboard; sourceTree = "<group>"; };
		646DD07C1B58D50F003A254D /* Images.xcassets */ = {isa = PBXFileReference; lastKnownFileType = folder.assetcatalog; path = Images.xcassets; sourceTree = "<group>"; };
		646DD07F1B58D50F003A254D /* Base */ = {isa = PBXFileReference; lastKnownFileType = file.xib; name = Base; path = Base.lproj/LaunchScreen.xib; sourceTree = "<group>"; };
		646DD0851B58D50F003A254D /* FMDBDemo2Tests.xctest */ = {isa = PBXFileReference; explicitFileType = wrapper.cfbundle; includeInIndex = 0; path = FMDBDemo2Tests.xctest; sourceTree = BUILT_PRODUCTS_DIR; };
		646DD08A1B58D50F003A254D /* Info.plist */ = {isa = PBXFileReference; lastKnownFileType = text.plist.xml; path = Info.plist; sourceTree = "<group>"; };
		646DD08B1B58D50F003A254D /* FMDBDemo2Tests.m */ = {isa = PBXFileReference; lastKnownFileType = sourcecode.c.objc; path = FMDBDemo2Tests.m; sourceTree = "<group>"; };
		646DD0971B58D52A003A254D /* FMDatabase.h */ = {isa = PBXFileReference; fileEncoding = 4; lastKnownFileType = sourcecode.c.h; path = FMDatabase.h; sourceTree = "<group>"; };
		646DD0981B58D52A003A254D /* FMDatabase.m */ = {isa = PBXFileReference; fileEncoding = 4; lastKnownFileType = sourcecode.c.objc; path = FMDatabase.m; sourceTree = "<group>"; };
		646DD0991B58D52A003A254D /* FMDatabaseAdditions.h */ = {isa = PBXFileReference; fileEncoding = 4; lastKnownFileType = sourcecode.c.h; path = FMDatabaseAdditions.h; sourceTree = "<group>"; };
		646DD09A1B58D52A003A254D /* FMDatabaseAdditions.m */ = {isa = PBXFileReference; fileEncoding = 4; lastKnownFileType = sourcecode.c.objc; path = FMDatabaseAdditions.m; sourceTree = "<group>"; };
		646DD09B1B58D52A003A254D /* FMDatabasePool.h */ = {isa = PBXFileReference; fileEncoding = 4; lastKnownFileType = sourcecode.c.h; path = FMDatabasePool.h; sourceTree = "<group>"; };
		646DD09C1B58D52A003A254D /* FMDatabasePool.m */ = {isa = PBXFileReference; fileEncoding = 4; lastKnownFileType = sourcecode.c.objc; path = FMDatabasePool.m; sourceTree = "<group>"; };
		646DD09D1B58D52A003A254D /* FMDatabaseQueue.h */ = {isa = PBXFileReference; fileEncoding = 4; lastKnownFileType = sourcecode.c.h; path = FMDatabaseQueue.h; sourceTree = "<group>"; };
		646DD09E1B58D52A003A254D /* FMDatabaseQueue.m */ = {isa = PBXFileReference; fileEncoding = 4; lastKnownFileType = sourcecode.c.objc; path = FMDatabaseQueue.m; sourceTree = "<group>"; };
		646DD09F1B58D52A003A254D /* FMResultSet.h */ = {isa = PBXFileReference; fileEncoding = 4; lastKnownFileType = sourcecode.c.h; path = FMResultSet.h; sourceTree = "<group>"; };
		646DD0A01B58D52A003A254D /* FMResultSet.m */ = {isa = PBXFileReference; fileEncoding = 4; lastKnownFileType = sourcecode.c.objc; path = FMResultSet.m; sourceTree = "<group>"; };
		646DD0A61B58D57D003A254D /* libsqlite3.dylib */ = {isa = PBXFileReference; lastKnownFileType = "compiled.mach-o.dylib"; name = libsqlite3.dylib; path = usr/lib/libsqlite3.dylib; sourceTree = SDKROOT; };
		646DD0AA1B58D605003A254D /* MyImageView.h */ = {isa = PBXFileReference; fileEncoding = 4; lastKnownFileType = sourcecode.c.h; path = MyImageView.h; sourceTree = "<group>"; };
		646DD0AB1B58D605003A254D /* MyImageView.m */ = {isa = PBXFileReference; fileEncoding = 4; lastKnownFileType = sourcecode.c.objc; path = MyImageView.m; sourceTree = "<group>"; };
		646DD0AD1B58D9D6003A254D /* StudentModel.h */ = {isa = PBXFileReference; fileEncoding = 4; lastKnownFileType = sourcecode.c.h; path = StudentModel.h; sourceTree = "<group>"; };
		646DD0AE1B58D9D6003A254D /* StudentModel.m */ = {isa = PBXFileReference; fileEncoding = 4; lastKnownFileType = sourcecode.c.objc; path = StudentModel.m; sourceTree = "<group>"; };
		646DD0B11B58DA95003A254D /* DBManager.h */ = {isa = PBXFileReference; fileEncoding = 4; lastKnownFileType = sourcecode.c.h; path = DBManager.h; sourceTree = "<group>"; };
		646DD0B21B58DA95003A254D /* DBManager.m */ = {isa = PBXFileReference; fileEncoding = 4; lastKnownFileType = sourcecode.c.objc; path = DBManager.m; sourceTree = "<group>"; };
/* End PBXFileReference section */

/* Begin PBXFrameworksBuildPhase section */
		646DD0691B58D50F003A254D /* Frameworks */ = {
			isa = PBXFrameworksBuildPhase;
			buildActionMask = 2147483647;
			files = (
				646DD0A71B58D57D003A254D /* libsqlite3.dylib in Frameworks */,
			);
			runOnlyForDeploymentPostprocessing = 0;
		};
		646DD0821B58D50F003A254D /* Frameworks */ = {
			isa = PBXFrameworksBuildPhase;
			buildActionMask = 2147483647;
			files = (
			);
			runOnlyForDeploymentPostprocessing = 0;
		};
/* End PBXFrameworksBuildPhase section */

/* Begin PBXGroup section */
		646DD0631B58D50F003A254D = {
			isa = PBXGroup;
			children = (
				646DD0A91B58D5C5003A254D /* Views */,
				646DD0A81B58D5B5003A254D /* Models */,
				646DD0A61B58D57D003A254D /* libsqlite3.dylib */,
				646DD0951B58D51B003A254D /* Lib */,
				646DD06E1B58D50F003A254D /* FMDBDemo2 */,
				646DD0881B58D50F003A254D /* FMDBDemo2Tests */,
				646DD06D1B58D50F003A254D /* Products */,
			);
			sourceTree = "<group>";
		};
		646DD06D1B58D50F003A254D /* Products */ = {
			isa = PBXGroup;
			children = (
				646DD06C1B58D50F003A254D /* FMDBDemo2.app */,
				646DD0851B58D50F003A254D /* FMDBDemo2Tests.xctest */,
			);
			name = Products;
			sourceTree = "<group>";
		};
		646DD06E1B58D50F003A254D /* FMDBDemo2 */ = {
			isa = PBXGroup;
			children = (
				646DD0731B58D50F003A254D /* AppDelegate.h */,
				646DD0741B58D50F003A254D /* AppDelegate.m */,
				646DD0761B58D50F003A254D /* ViewController.h */,
				646DD0771B58D50F003A254D /* ViewController.m */,
				646DD0791B58D50F003A254D /* Main.storyboard */,
				646DD07C1B58D50F003A254D /* Images.xcassets */,
				646DD07E1B58D50F003A254D /* LaunchScreen.xib */,
				646DD06F1B58D50F003A254D /* Supporting Files */,
			);
			path = FMDBDemo2;
			sourceTree = "<group>";
		};
		646DD06F1B58D50F003A254D /* Supporting Files */ = {
			isa = PBXGroup;
			children = (
				646DD0701B58D50F003A254D /* Info.plist */,
				646DD0711B58D50F003A254D /* main.m */,
			);
			name = "Supporting Files";
			sourceTree = "<group>";
		};
		646DD0881B58D50F003A254D /* FMDBDemo2Tests */ = {
			isa = PBXGroup;
			children = (
				646DD08B1B58D50F003A254D /* FMDBDemo2Tests.m */,
				646DD0891B58D50F003A254D /* Supporting Files */,
			);
			path = FMDBDemo2Tests;
			sourceTree = "<group>";
		};
		646DD0891B58D50F003A254D /* Supporting Files */ = {
			isa = PBXGroup;
			children = (
				646DD08A1B58D50F003A254D /* Info.plist */,
			);
			name = "Supporting Files";
			sourceTree = "<group>";
		};
		646DD0951B58D51B003A254D /* Lib */ = {
			isa = PBXGroup;
			children = (
				646DD0B01B58DA67003A254D /* DBManager */,
				646DD0961B58D52A003A254D /* fmdb */,
			);
			name = Lib;
			sourceTree = "<group>";
		};
		646DD0961B58D52A003A254D /* fmdb */ = {
			isa = PBXGroup;
			children = (
				646DD0971B58D52A003A254D /* FMDatabase.h */,
				646DD0981B58D52A003A254D /* FMDatabase.m */,
				646DD0991B58D52A003A254D /* FMDatabaseAdditions.h */,
				646DD09A1B58D52A003A254D /* FMDatabaseAdditions.m */,
				646DD09B1B58D52A003A254D /* FMDatabasePool.h */,
				646DD09C1B58D52A003A254D /* FMDatabasePool.m */,
				646DD09D1B58D52A003A254D /* FMDatabaseQueue.h */,
				646DD09E1B58D52A003A254D /* FMDatabaseQueue.m */,
				646DD09F1B58D52A003A254D /* FMResultSet.h */,
				646DD0A01B58D52A003A254D /* FMResultSet.m */,
			);
			path = fmdb;
			sourceTree = "<group>";
		};
		646DD0A81B58D5B5003A254D /* Models */ = {
			isa = PBXGroup;
			children = (
				646DD0AD1B58D9D6003A254D /* StudentModel.h */,
				646DD0AE1B58D9D6003A254D /* StudentModel.m */,
			);
			name = Models;
			sourceTree = "<group>";
		};
		646DD0A91B58D5C5003A254D /* Views */ = {
			isa = PBXGroup;
			children = (
				646DD0AA1B58D605003A254D /* MyImageView.h */,
				646DD0AB1B58D605003A254D /* MyImageView.m */,
			);
			name = Views;
			sourceTree = "<group>";
		};
		646DD0B01B58DA67003A254D /* DBManager */ = {
			isa = PBXGroup;
			children = (
				646DD0B11B58DA95003A254D /* DBManager.h */,
				646DD0B21B58DA95003A254D /* DBManager.m */,
			);
			name = DBManager;
			sourceTree = "<group>";
		};
/* End PBXGroup section */

/* Begin PBXNativeTarget section */
		646DD06B1B58D50F003A254D /* FMDBDemo2 */ = {
			isa = PBXNativeTarget;
			buildConfigurationList = 646DD08F1B58D50F003A254D /* Build configuration list for PBXNativeTarget "FMDBDemo2" */;
			buildPhases = (
				646DD0681B58D50F003A254D /* Sources */,
				646DD0691B58D50F003A254D /* Frameworks */,
				646DD06A1B58D50F003A254D /* Resources */,
			);
			buildRules = (
			);
			dependencies = (
			);
			name = FMDBDemo2;
			productName = FMDBDemo2;
			productReference = 646DD06C1B58D50F003A254D /* FMDBDemo2.app */;
			productType = "com.apple.product-type.application";
		};
		646DD0841B58D50F003A254D /* FMDBDemo2Tests */ = {
			isa = PBXNativeTarget;
			buildConfigurationList = 646DD0921B58D50F003A254D /* Build configuration list for PBXNativeTarget "FMDBDemo2Tests" */;
			buildPhases = (
				646DD0811B58D50F003A254D /* Sources */,
				646DD0821B58D50F003A254D /* Frameworks */,
				646DD0831B58D50F003A254D /* Resources */,
			);
			buildRules = (
			);
			dependencies = (
				646DD0871B58D50F003A254D /* PBXTargetDependency */,
			);
			name = FMDBDemo2Tests;
			productName = FMDBDemo2Tests;
			productReference = 646DD0851B58D50F003A254D /* FMDBDemo2Tests.xctest */;
			productType = "com.apple.product-type.bundle.unit-test";
		};
/* End PBXNativeTarget section */

/* Begin PBXProject section */
		646DD0641B58D50F003A254D /* Project object */ = {
			isa = PBXProject;
			attributes = {
				LastUpgradeCheck = 0610;
				ORGANIZATIONNAME = "轩哥";
				TargetAttributes = {
					646DD06B1B58D50F003A254D = {
						CreatedOnToolsVersion = 6.1.1;
					};
					646DD0841B58D50F003A254D = {
						CreatedOnToolsVersion = 6.1.1;
						TestTargetID = 646DD06B1B58D50F003A254D;
					};
				};
			};
			buildConfigurationList = 646DD0671B58D50F003A254D /* Build configuration list for PBXProject "FMDBDemo2" */;
			compatibilityVersion = "Xcode 3.2";
			developmentRegion = English;
			hasScannedForEncodings = 0;
			knownRegions = (
				en,
				Base,
			);
			mainGroup = 646DD0631B58D50F003A254D;
			productRefGroup = 646DD06D1B58D50F003A254D /* Products */;
			projectDirPath = "";
			projectRoot = "";
			targets = (
				646DD06B1B58D50F003A254D /* FMDBDemo2 */,
				646DD0841B58D50F003A254D /* FMDBDemo2Tests */,
			);
		};
/* End PBXProject section */

/* Begin PBXResourcesBuildPhase section */
		646DD06A1B58D50F003A254D /* Resources */ = {
			isa = PBXResourcesBuildPhase;
			buildActionMask = 2147483647;
			files = (
				646DD07B1B58D50F003A254D /* Main.storyboard in Resources */,
				646DD0801B58D50F003A254D /* LaunchScreen.xib in Resources */,
				646DD07D1B58D50F003A254D /* Images.xcassets in Resources */,
			);
			runOnlyForDeploymentPostprocessing = 0;
		};
		646DD0831B58D50F003A254D /* Resources */ = {
			isa = PBXResourcesBuildPhase;
			buildActionMask = 2147483647;
			files = (
			);
			runOnlyForDeploymentPostprocessing = 0;
		};
/* End PBXResourcesBuildPhase section */

/* Begin PBXSourcesBuildPhase section */
		646DD0681B58D50F003A254D /* Sources */ = {
			isa = PBXSourcesBuildPhase;
			buildActionMask = 2147483647;
			files = (
				646DD0781B58D50F003A254D /* ViewController.m in Sources */,
				646DD0AC1B58D605003A254D /* MyImageView.m in Sources */,
				646DD0A31B58D52A003A254D /* FMDatabasePool.m in Sources */,
				646DD0751B58D50F003A254D /* AppDelegate.m in Sources */,
				646DD0A41B58D52A003A254D /* FMDatabaseQueue.m in Sources */,
				646DD0721B58D50F003A254D /* main.m in Sources */,
				646DD0A11B58D52A003A254D /* FMDatabase.m in Sources */,
				646DD0B31B58DA95003A254D /* DBManager.m in Sources */,
				646DD0AF1B58D9D6003A254D /* StudentModel.m in Sources */,
				646DD0A51B58D52A003A254D /* FMResultSet.m in Sources */,
				646DD0A21B58D52A003A254D /* FMDatabaseAdditions.m in Sources */,
			);
			runOnlyForDeploymentPostprocessing = 0;
		};
		646DD0811B58D50F003A254D /* Sources */ = {
			isa = PBXSourcesBuildPhase;
			buildActionMask = 2147483647;
			files = (
				646DD08C1B58D50F003A254D /* FMDBDemo2Tests.m in Sources */,
			);
			runOnlyForDeploymentPostprocessing = 0;
		};
/* End PBXSourcesBuildPhase section */

/* Begin PBXTargetDependency section */
		646DD0871B58D50F003A254D /* PBXTargetDependency */ = {
			isa = PBXTargetDependency;
			target = 646DD06B1B58D50F003A254D /* FMDBDemo2 */;
			targetProxy = 646DD0861B58D50F003A254D /* PBXContainerItemProxy */;
		};
/* End PBXTargetDependency section */

/* Begin PBXVariantGroup section */
		646DD0791B58D50F003A254D /* Main.storyboard */ = {
			isa = PBXVariantGroup;
			children = (
				646DD07A1B58D50F003A254D /* Base */,
			);
			name = Main.storyboard;
			sourceTree = "<group>";
		};
		646DD07E1B58D50F003A254D /* LaunchScreen.xib */ = {
			isa = PBXVariantGroup;
			children = (
				646DD07F1B58D50F003A254D /* Base */,
			);
			name = LaunchScreen.xib;
			sourceTree = "<group>";
		};
/* End PBXVariantGroup section */

/* Begin XCBuildConfiguration section */
		646DD08D1B58D50F003A254D /* Debug */ = {
			isa = XCBuildConfiguration;
			buildSettings = {
				ALWAYS_SEARCH_USER_PATHS = NO;
				CLANG_CXX_LANGUAGE_STANDARD = "gnu++0x";
				CLANG_CXX_LIBRARY = "libc++";
				CLANG_ENABLE_MODULES = YES;
				CLANG_ENABLE_OBJC_ARC = YES;
				CLANG_WARN_BOOL_CONVERSION = YES;
				CLANG_WARN_CONSTANT_CONVERSION = YES;
				CLANG_WARN_DIRECT_OBJC_ISA_USAGE = YES_ERROR;
				CLANG_WARN_EMPTY_BODY = YES;
				CLANG_WARN_ENUM_CONVERSION = YES;
				CLANG_WARN_INT_CONVERSION = YES;
				CLANG_WARN_OBJC_ROOT_CLASS = YES_ERROR;
				CLANG_WARN_UNREACHABLE_CODE = YES;
				CLANG_WARN__DUPLICATE_METHOD_MATCH = YES;
				"CODE_SIGN_IDENTITY[sdk=iphoneos*]" = "iPhone Developer";
				COPY_PHASE_STRIP = NO;
				ENABLE_STRICT_OBJC_MSGSEND = YES;
				GCC_C_LANGUAGE_STANDARD = gnu99;
				GCC_DYNAMIC_NO_PIC = NO;
				GCC_OPTIMIZATION_LEVEL = 0;
				GCC_PREPROCESSOR_DEFINITIONS = (
					"DEBUG=1",
					"$(inherited)",
				);
				GCC_SYMBOLS_PRIVATE_EXTERN = NO;
				GCC_WARN_64_TO_32_BIT_CONVERSION = YES;
				GCC_WARN_ABOUT_RETURN_TYPE = YES_ERROR;
				GCC_WARN_UNDECLARED_SELECTOR = YES;
				GCC_WARN_UNINITIALIZED_AUTOS = YES_AGGRESSIVE;
				GCC_WARN_UNUSED_FUNCTION = YES;
				GCC_WARN_UNUSED_VARIABLE = YES;
				IPHONEOS_DEPLOYMENT_TARGET = 8.1;
				MTL_ENABLE_DEBUG_INFO = YES;
				ONLY_ACTIVE_ARCH = YES;
				SDKROOT = iphoneos;
			};
			name = Debug;
		};
		646DD08E1B58D50F003A254D /* Release */ = {
			isa = XCBuildConfiguration;
			buildSettings = {
				ALWAYS_SEARCH_USER_PATHS = NO;
				CLANG_CXX_LANGUAGE_STANDARD = "gnu++0x";
				CLANG_CXX_LIBRARY = "libc++";
				CLANG_ENABLE_MODULES = YES;
				CLANG_ENABLE_OBJC_ARC = YES;
				CLANG_WARN_BOOL_CONVERSION = YES;
				CLANG_WARN_CONSTANT_CONVERSION = YES;
				CLANG_WARN_DIRECT_OBJC_ISA_USAGE = YES_ERROR;
				CLANG_WARN_EMPTY_BODY = YES;
				CLANG_WARN_ENUM_CONVERSION = YES;
				CLANG_WARN_INT_CONVERSION = YES;
				CLANG_WARN_OBJC_ROOT_CLASS = YES_ERROR;
				CLANG_WARN_UNREACHABLE_CODE = YES;
				CLANG_WARN__DUPLICATE_METHOD_MATCH = YES;
				"CODE_SIGN_IDENTITY[sdk=iphoneos*]" = "iPhone Developer";
				COPY_PHASE_STRIP = YES;
				ENABLE_NS_ASSERTIONS = NO;
				ENABLE_STRICT_OBJC_MSGSEND = YES;
				GCC_C_LANGUAGE_STANDARD = gnu99;
				GCC_WARN_64_TO_32_BIT_CONVERSION = YES;
				GCC_WARN_ABOUT_RETURN_TYPE = YES_ERROR;
				GCC_WARN_UNDECLARED_SELECTOR = YES;
				GCC_WARN_UNINITIALIZED_AUTOS = YES_AGGRESSIVE;
				GCC_WARN_UNUSED_FUNCTION = YES;
				GCC_WARN_UNUSED_VARIABLE = YES;
				IPHONEOS_DEPLOYMENT_TARGET = 8.1;
				MTL_ENABLE_DEBUG_INFO = NO;
				SDKROOT = iphoneos;
				VALIDATE_PRODUCT = YES;
			};
			name = Release;
		};
		646DD0901B58D50F003A254D /* Debug */ = {
			isa = XCBuildConfiguration;
			buildSettings = {
				ASSETCATALOG_COMPILER_APPICON_NAME = AppIcon;
				INFOPLIST_FILE = FMDBDemo2/Info.plist;
				LD_RUNPATH_SEARCH_PATHS = "$(inherited) @executable_path/Frameworks";
				PRODUCT_NAME = "$(TARGET_NAME)";
			};
			name = Debug;
		};
		646DD0911B58D50F003A254D /* Release */ = {
			isa = XCBuildConfiguration;
			buildSettings = {
				ASSETCATALOG_COMPILER_APPICON_NAME = AppIcon;
				INFOPLIST_FILE = FMDBDemo2/Info.plist;
				LD_RUNPATH_SEARCH_PATHS = "$(inherited) @executable_path/Frameworks";
				PRODUCT_NAME = "$(TARGET_NAME)";
			};
			name = Release;
		};
		646DD0931B58D50F003A254D /* Debug */ = {
			isa = XCBuildConfiguration;
			buildSettings = {
				BUNDLE_LOADER = "$(TEST_HOST)";
				FRAMEWORK_SEARCH_PATHS = (
					"$(SDKROOT)/Developer/Library/Frameworks",
					"$(inherited)",
				);
				GCC_PREPROCESSOR_DEFINITIONS = (
					"DEBUG=1",
					"$(inherited)",
				);
				INFOPLIST_FILE = FMDBDemo2Tests/Info.plist;
				LD_RUNPATH_SEARCH_PATHS = "$(inherited) @executable_path/Frameworks @loader_path/Frameworks";
				PRODUCT_NAME = "$(TARGET_NAME)";
				TEST_HOST = "$(BUILT_PRODUCTS_DIR)/FMDBDemo2.app/FMDBDemo2";
			};
			name = Debug;
		};
		646DD0941B58D50F003A254D /* Release */ = {
			isa = XCBuildConfiguration;
			buildSettings = {
				BUNDLE_LOADER = "$(TEST_HOST)";
				FRAMEWORK_SEARCH_PATHS = (
					"$(SDKROOT)/Developer/Library/Frameworks",
					"$(inherited)",
				);
				INFOPLIST_FILE = FMDBDemo2Tests/Info.plist;
				LD_RUNPATH_SEARCH_PATHS = "$(inherited) @executable_path/Frameworks @loader_path/Frameworks";
				PRODUCT_NAME = "$(TARGET_NAME)";
				TEST_HOST = "$(BUILT_PRODUCTS_DIR)/FMDBDemo2.app/FMDBDemo2";
			};
			name = Release;
		};
/* End XCBuildConfiguration section */

/* Begin XCConfigurationList section */
		646DD0671B58D50F003A254D /* Build configuration list for PBXProject "FMDBDemo2" */ = {
			isa = XCConfigurationList;
			buildConfigurations = (
				646DD08D1B58D50F003A254D /* Debug */,
				646DD08E1B58D50F003A254D /* Release */,
			);
			defaultConfigurationIsVisible = 0;
			defaultConfigurationName = Release;
		};
		646DD08F1B58D50F003A254D /* Build configuration list for PBXNativeTarget "FMDBDemo2" */ = {
			isa = XCConfigurationList;
			buildConfigurations = (
				646DD0901B58D50F003A254D /* Debug */,
				646DD0911B58D50F003A254D /* Release */,
			);
			defaultConfigurationIsVisible = 0;
		};
		646DD0921B58D50F003A254D /* Build configuration list for PBXNativeTarget "FMDBDemo2Tests" */ = {
			isa = XCConfigurationList;
			buildConfigurations = (
				646DD0931B58D50F003A254D /* Debug */,
				646DD0941B58D50F003A254D /* Release */,
			);
			defaultConfigurationIsVisible = 0;
		};
/* End XCConfigurationList section */
	};
	rootObject = 646DD0641B58D50F003A254D /* Project object */;
}
